
Microsoft Visual Studio Solution File, Format Version 12.00
# Visual Studio 2012
Project("{2150E333-8FDC-42A3-9474-1A3956D46DE8}") = "WindowsForms", "WindowsForms", "{9794699C-FE46-4A06-91AC-3A1C218EBFB2}"
EndProject
Project("{FAE04EC0-301F-11D3-BF4B-00C04F79EFBC}") = "IndustrialGadgetsDemo", "WindowsForms\IndustrialGadgetsDemo\IndustrialGadgetsDemo.csproj", "{09E389C9-2820-41E9-B9B9-EA3154BF6B07}"
EndProject
Project("{FAE04EC0-301F-11D3-BF4B-00C04F79EFBC}") = "InstrumentationControlsDemo", "WindowsForms\InstrumentationControlsDemo\InstrumentationControlsDemo.csproj", "{8FAAC2C4-B414-4B85-8AC8-964005A7C828}"
EndProject
Project("{FAE04EC0-301F-11D3-BF4B-00C04F79EFBC}") = "SymbolFactoryDemo", "WindowsForms\SymbolFactoryDemo\SymbolFactoryDemo.csproj", "{944A8496-0D52-45E5-8C9C-409A2FD0D1A5}"
EndProject
Global
	GlobalSection(TeamFoundationVersionControl) = preSolution
		SccNumberOfProjects = 4
		SccEnterpriseProvider = {4CA58AB2-18FA-4F8D-95D4-32DDF27D184C}
		SccTeamFoundationServer = https://dev.azure.com/opclabs3
		SccLocalPath0 = .
		SccProjectUniqueName1 = WindowsForms\\IndustrialGadgetsDemo\\IndustrialGadgetsDemo.csproj
		SccProjectTopLevelParentUniqueName1 = QuickOpcCSharpIntegrationExamples.sln
		SccProjectName1 = WindowsForms/IndustrialGadgetsDemo
		SccLocalPath1 = WindowsForms\\IndustrialGadgetsDemo
		SccProjectUniqueName2 = WindowsForms\\InstrumentationControlsDemo\\InstrumentationControlsDemo.csproj
		SccProjectTopLevelParentUniqueName2 = QuickOpcCSharpIntegrationExamples.sln
		SccProjectName2 = WindowsForms/InstrumentationControlsDemo
		SccLocalPath2 = WindowsForms\\InstrumentationControlsDemo
		SccProjectUniqueName3 = WindowsForms\\SymbolFactoryDemo\\SymbolFactoryDemo.csproj
		SccProjectTopLevelParentUniqueName3 = QuickOpcCSharpIntegrationExamples.sln
		SccProjectName3 = WindowsForms/SymbolFactoryDemo
		SccLocalPath3 = WindowsForms\\SymbolFactoryDemo
	EndGlobalSection
	GlobalSection(SolutionConfigurationPlatforms) = preSolution
		Debug|Any CPU = Debug|Any CPU
		Release|Any CPU = Release|Any CPU
	EndGlobalSection
	GlobalSection(ProjectConfigurationPlatforms) = postSolution
		{09E389C9-2820-41E9-B9B9-EA3154BF6B07}.Debug|Any CPU.ActiveCfg = Debug|Any CPU
		{09E389C9-2820-41E9-B9B9-EA3154BF6B07}.Debug|Any CPU.Build.0 = Debug|Any CPU
		{09E389C9-2820-41E9-B9B9-EA3154BF6B07}.Release|Any CPU.ActiveCfg = Release|Any CPU
		{09E389C9-2820-41E9-B9B9-EA3154BF6B07}.Release|Any CPU.Build.0 = Release|Any CPU
		{8FAAC2C4-B414-4B85-8AC8-964005A7C828}.Debug|Any CPU.ActiveCfg = Debug|Any CPU
		{8FAAC2C4-B414-4B85-8AC8-964005A7C828}.Debug|Any CPU.Build.0 = Debug|Any CPU
		{8FAAC2C4-B414-4B85-8AC8-964005A7C828}.Release|Any CPU.ActiveCfg = Release|Any CPU
		{8FAAC2C4-B414-4B85-8AC8-964005A7C828}.Release|Any CPU.Build.0 = Release|Any CPU
		{944A8496-0D52-45E5-8C9C-409A2FD0D1A5}.Debug|Any CPU.ActiveCfg = Debug|Any CPU
		{944A8496-0D52-45E5-8C9C-409A2FD0D1A5}.Debug|Any CPU.Build.0 = Debug|Any CPU
		{944A8496-0D52-45E5-8C9C-409A2FD0D1A5}.Release|Any CPU.ActiveCfg = Release|Any CPU
		{944A8496-0D52-45E5-8C9C-409A2FD0D1A5}.Release|Any CPU.Build.0 = Release|Any CPU
	EndGlobalSection
	GlobalSection(SolutionProperties) = preSolution
		HideSolutionNode = FALSE
	EndGlobalSection
	GlobalSection(NestedProjects) = preSolution
		{09E389C9-2820-41E9-B9B9-EA3154BF6B07} = {9794699C-FE46-4A06-91AC-3A1C218EBFB2}
		{8FAAC2C4-B414-4B85-8AC8-964005A7C828} = {9794699C-FE46-4A06-91AC-3A1C218EBFB2}
		{944A8496-0D52-45E5-8C9C-409A2FD0D1A5} = {9794699C-FE46-4A06-91AC-3A1C218EBFB2}
	EndGlobalSection
EndGlobal
