
Microsoft Visual Studio Solution File, Format Version 12.00
# Visual Studio Version 17
VisualStudioVersion = 17.7.34024.191
MinimumVisualStudioVersion = 10.0.40219.1
Project("{2150E333-8FDC-42A3-9474-1A3956D46DE8}") = "Console", "Console", "{653A530D-5B6F-4CEA-85E9-A1647D5F6F18}"
EndProject
Project("{2150E333-8FDC-42A3-9474-1A3956D46DE8}") = "Web", "Web", "{78263828-787E-4339-8C40-3297BCD82854}"
EndProject
Project("{2150E333-8FDC-42A3-9474-1A3956D46DE8}") = "WindowsForms", "WindowsForms", "{ECC666ED-2657-4CF0-A323-C6518210A1EC}"
EndProject
Project("{2150E333-8FDC-42A3-9474-1A3956D46DE8}") = "Solution Items", "Solution Items", "{FE2BE596-225D-4B2A-9E13-283428EA9102}"
	ProjectSection(SolutionItems) = preProject
		QuickOpcNetCSharpExamples.6.0.ReSharper = QuickOpcNetCSharpExamples.6.0.ReSharper
	EndProjectSection
EndProject
Project("{2150E333-8FDC-42A3-9474-1A3956D46DE8}") = "WindowsService", "WindowsService", "{A5A051F2-FEA2-4F65-8779-D7D867BBED8D}"
EndProject
Project("{FAE04EC0-301F-11D3-BF4B-00C04F79EFBC}") = "WindowsFormsApplication1", "WindowsForms\WindowsFormsApplication1\WindowsFormsApplication1.csproj", "{F9CEA8B5-4FAD-4123-ACE6-2DF0BC4C7664}"
EndProject
Project("{FAE04EC0-301F-11D3-BF4B-00C04F79EFBC}") = "WebApplication1", "Web\WebApplication1\WebApplication1.csproj", "{9CCBEBFF-679B-4510-BE88-02D18675C30B}"
EndProject
Project("{FAE04EC0-301F-11D3-BF4B-00C04F79EFBC}") = "SubscribeToMany", "WindowsForms\SubscribeToMany\SubscribeToMany.csproj", "{06EDD494-6276-4BB1-AA64-E1A2AAD2034E}"
EndProject
Project("{FAE04EC0-301F-11D3-BF4B-00C04F79EFBC}") = "HmiScreen", "WindowsForms\HmiScreen\HmiScreen.csproj", "{80DE7627-0B5F-4972-AC53-9BE3B4A5F77C}"
EndProject
Project("{FAE04EC0-301F-11D3-BF4B-00C04F79EFBC}") = "AutoRefreshWeb", "Web\AutoRefreshWeb\AutoRefreshWeb.csproj", "{734F9A34-DD55-4014-8558-9D88D13C222D}"
EndProject
Project("{FAE04EC0-301F-11D3-BF4B-00C04F79EFBC}") = "ValueToMessageBox", "WindowsForms\ValueToMessageBox\ValueToMessageBox.csproj", "{90AEB50E-105D-40FD-96CA-530954B9B422}"
EndProject
Project("{FAE04EC0-301F-11D3-BF4B-00C04F79EFBC}") = "BrowseBranchesWeb", "Web\BrowseBranchesWeb\BrowseBranchesWeb.csproj", "{5E9BAEAD-F0BC-4CCC-8F74-076B640CA488}"
EndProject
Project("{FAE04EC0-301F-11D3-BF4B-00C04F79EFBC}") = "BrowseServersWeb", "Web\BrowseServersWeb\BrowseServersWeb.csproj", "{A966BEFF-0AEB-4AD4-B908-3BE45638600E}"
EndProject
Project("{FAE04EC0-301F-11D3-BF4B-00C04F79EFBC}") = "QualityStrings", "WindowsForms\QualityStrings\QualityStrings.csproj", "{F431FB2B-641B-4EF8-9FB4-8C67E0C0DFCA}"
EndProject
Project("{FAE04EC0-301F-11D3-BF4B-00C04F79EFBC}") = "EasyOpcNetDemo", "WindowsForms\EasyOpcNetDemo\EasyOpcNetDemo.csproj", "{1FF4DCA0-11C2-4617-B8B9-8B8885524D00}"
EndProject
Project("{FAE04EC0-301F-11D3-BF4B-00C04F79EFBC}") = "XmlLogger", "Console\XmlLogger\XmlLogger.csproj", "{4D5FB098-9183-46D3-8B27-94A60323E6A0}"
EndProject
Project("{FAE04EC0-301F-11D3-BF4B-00C04F79EFBC}") = "XmlEventLogger", "Console\XmlEventLogger\XmlEventLogger.csproj", "{857D2BF6-D0BF-4557-8D78-75320E324D04}"
EndProject
Project("{FAE04EC0-301F-11D3-BF4B-00C04F79EFBC}") = "SubscribeFromXml", "Console\SubscribeFromXml\SubscribeFromXml.csproj", "{8BBB9547-FAF2-440D-9332-94679AF03610}"
EndProject
Project("{FAE04EC0-301F-11D3-BF4B-00C04F79EFBC}") = "SimpleLogToSql", "Console\SimpleLogToSql\SimpleLogToSql.csproj", "{9A5F31E9-2269-4169-A160-FC593127A193}"
EndProject
Project("{FAE04EC0-301F-11D3-BF4B-00C04F79EFBC}") = "LogAsStringToSql", "Console\LogAsStringToSql\LogAsStringToSql.csproj", "{EDAA047F-06C2-42D2-8515-AE3AE07C3672}"
EndProject
Project("{FAE04EC0-301F-11D3-BF4B-00C04F79EFBC}") = "LogAsUnionToSql", "Console\LogAsUnionToSql\LogAsUnionToSql.csproj", "{72519C5F-36A5-48BA-A69C-23C4C4D572C6}"
EndProject
Project("{FAE04EC0-301F-11D3-BF4B-00C04F79EFBC}") = "OvenControl", "WindowsForms\OvenControl\OvenControl.csproj", "{E5135283-DA71-4BF8-ACF9-07B38EDE58C0}"
EndProject
Project("{FAE04EC0-301F-11D3-BF4B-00C04F79EFBC}") = "WebService1", "Web\WebService1\WebService1.csproj", "{C8794DC2-3165-4E6A-96AA-86C4C2DD69F7}"
EndProject
Project("{FAE04EC0-301F-11D3-BF4B-00C04F79EFBC}") = "WcfService1", "Web\WcfService1\WcfService1.csproj", "{7C102308-2DA1-4C9B-968E-7CD9BE2DA635}"
EndProject
Project("{FAE04EC0-301F-11D3-BF4B-00C04F79EFBC}") = "WcfClient1", "Console\WcfClient1\WcfClient1.csproj", "{D337BACE-5162-41E1-AFB2-AB23D525CD3B}"
EndProject
Project("{FAE04EC0-301F-11D3-BF4B-00C04F79EFBC}") = "DataGridWebApplication", "Web\DataGridWebApplication\DataGridWebApplication.csproj", "{BB11B705-1BD8-4F3C-98F8-07F65F69B9D1}"
EndProject
Project("{FAE04EC0-301F-11D3-BF4B-00C04F79EFBC}") = "ConsoleLiveMapping", "Console\ConsoleLiveMapping\ConsoleLiveMapping.csproj", "{29E3B9B1-09CB-4221-8A2A-173884844894}"
EndProject
Project("{FAE04EC0-301F-11D3-BF4B-00C04F79EFBC}") = "LiveBindingDemo", "WindowsForms\LiveBindingDemo\LiveBindingDemo.csproj", "{F5985872-B70E-4B31-B85D-16CE07F3ED6C}"
EndProject
Project("{FAE04EC0-301F-11D3-BF4B-00C04F79EFBC}") = "LogToSqlEnhanced", "Console\LogToSqlEnhanced\LogToSqlEnhanced.csproj", "{58DF5F34-E41B-4F52-9883-BEA1C369281A}"
EndProject
Project("{FAE04EC0-301F-11D3-BF4B-00C04F79EFBC}") = "WindowsService1", "WindowsService\WindowsService1\WindowsService1.csproj", "{C99524CC-69D2-4AAA-9919-995CDBCE18FD}"
EndProject
Project("{FAE04EC0-301F-11D3-BF4B-00C04F79EFBC}") = "UAWebApplication1", "Web\UAWebApplication1\UAWebApplication1.csproj", "{D49D6A4E-7EDE-4030-AC58-673F8021AFD1}"
EndProject
Project("{FAE04EC0-301F-11D3-BF4B-00C04F79EFBC}") = "EasyOpcUADemo", "WindowsForms\EasyOpcUADemo\EasyOpcUADemo.csproj", "{D0D84A59-8A2B-4DC0-A24E-61C6B8B9B7FA}"
EndProject
Project("{FAE04EC0-301F-11D3-BF4B-00C04F79EFBC}") = "UAConsoleLiveMapping", "Console\UAConsoleLiveMapping\UAConsoleLiveMapping.csproj", "{F2448D5B-1A58-4088-A89F-94AC3FEDCF85}"
EndProject
Project("{FAE04EC0-301F-11D3-BF4B-00C04F79EFBC}") = "UALiveBindingDemo", "WindowsForms\UALiveBindingDemo\UALiveBindingDemo.csproj", "{4118475B-5EF8-4B5D-A4FC-FA6D378FEA94}"
EndProject
Project("{FAE04EC0-301F-11D3-BF4B-00C04F79EFBC}") = "EasyOpcNetDemoXml", "WindowsForms\EasyOpcNetDemoXml\EasyOpcNetDemoXml.csproj", "{48DC608C-C372-4A24-A651-F5B158652DB1}"
EndProject
Project("{2150E333-8FDC-42A3-9474-1A3956D46DE8}") = "WPF", "WPF", "{5DF43E60-B6B7-4FEE-B2C6-8CFF3A035164}"
EndProject
Project("{FAE04EC0-301F-11D3-BF4B-00C04F79EFBC}") = "WpfApplication1", "WPF\WpfApplication1\WpfApplication1.csproj", "{88498AA3-582A-4CD7-BF25-2708900AFEC8}"
EndProject
Project("{FAE04EC0-301F-11D3-BF4B-00C04F79EFBC}") = "UAWpfScreen", "WPF\UAWpfScreen\UAWpfScreen.csproj", "{D068993D-8E11-46C9-A1AB-8D038E4310F1}"
EndProject
Project("{FAE04EC0-301F-11D3-BF4B-00C04F79EFBC}") = "ReactiveDocExamples", "Console\ReactiveDocExamples\ReactiveDocExamples.csproj", "{E24DCD59-19A6-432B-A387-37E2F812C3AC}"
EndProject
Project("{FAE04EC0-301F-11D3-BF4B-00C04F79EFBC}") = "LiveBindingDemo2", "WindowsForms\LiveBindingDemo2\LiveBindingDemo2.csproj", "{A866E1C8-A99E-499F-9847-1EFDDF52CDD5}"
EndProject
Project("{FAE04EC0-301F-11D3-BF4B-00C04F79EFBC}") = "OpcDAQualityDecoder", "WPF\OpcDAQualityDecoder\OpcDAQualityDecoder.csproj", "{9D649591-BB39-4875-B6CA-DDC438313390}"
EndProject
Project("{FAE04EC0-301F-11D3-BF4B-00C04F79EFBC}") = "UASimpleLogToSql", "Console\UASimpleLogToSql\UASimpleLogToSql.csproj", "{A76A7E6A-36E5-4D48-8159-58A6B47F02AA}"
EndProject
Project("{FAE04EC0-301F-11D3-BF4B-00C04F79EFBC}") = "UAWindowsService1", "WindowsService\UAWindowsService1\UAWindowsService1.csproj", "{EBAB73F6-5BE7-4589-8C34-F2121261A323}"
EndProject
Project("{FAE04EC0-301F-11D3-BF4B-00C04F79EFBC}") = "UAWcfService1", "Web\UAWcfService1\UAWcfService1.csproj", "{730C8D73-14E5-435D-8592-8E74A247C2D7}"
EndProject
Project("{FAE04EC0-301F-11D3-BF4B-00C04F79EFBC}") = "UAWcfClient1", "Console\UAWcfClient1\UAWcfClient1.csproj", "{E9961C7E-C750-4478-A129-585ED348BB8D}"
EndProject
Project("{FAE04EC0-301F-11D3-BF4B-00C04F79EFBC}") = "FormsDocExamples", "WindowsForms\FormsDocExamples\FormsDocExamples.csproj", "{A020ADD5-EFAA-4A46-9A76-79E86C6CDAD1}"
EndProject
Project("{FAE04EC0-301F-11D3-BF4B-00C04F79EFBC}") = "UAFormsDocExamples", "WindowsForms\UAFormsDocExamples\UAFormsDocExamples.csproj", "{A8AEB5B8-0FD4-4786-B1D8-1D49DB9ADC76}"
EndProject
Project("{FAE04EC0-301F-11D3-BF4B-00C04F79EFBC}") = "EasyOpcUAPubSubDemo", "WindowsForms\EasyOpcUAPubSubDemo\EasyOpcUAPubSubDemo.csproj", "{A4F40F28-DA31-4F8B-8F7F-468A59E77065}"
EndProject
Project("{FAE04EC0-301F-11D3-BF4B-00C04F79EFBC}") = "WpfEasyOpcUADemo", "WPF\WpfEasyOpcUADemo\WpfEasyOpcUADemo.csproj", "{12267B7F-5571-4835-A128-E3D1DDCA1601}"
EndProject
Project("{FAE04EC0-301F-11D3-BF4B-00C04F79EFBC}") = "UAXmlLogger", "Console\UAXmlLogger\UAXmlLogger.csproj", "{6BC0AD36-8EBD-4BC8-AC0C-D441D05AD493}"
EndProject
Project("{FAE04EC0-301F-11D3-BF4B-00C04F79EFBC}") = "UAXmlEventLogger", "Console\UAXmlEventLogger\UAXmlEventLogger.csproj", "{4380F372-5751-4626-9F62-EEFD9479FEED}"
EndProject
Project("{FAE04EC0-301F-11D3-BF4B-00C04F79EFBC}") = "UALogAsStringToSql", "Console\UALogAsStringToSql\UALogAsStringToSql.csproj", "{C6A6ACE5-1CE6-4214-84CA-310FFDE04C1A}"
EndProject
Project("{FAE04EC0-301F-11D3-BF4B-00C04F79EFBC}") = "UALogAsUnionToSql", "Console\UALogAsUnionToSql\UALogAsUnionToSql.csproj", "{8322E526-A60F-46F5-9899-6039910326D9}"
EndProject
Project("{FAE04EC0-301F-11D3-BF4B-00C04F79EFBC}") = "UASubscribeFromXml", "Console\UASubscribeFromXml\UASubscribeFromXml.csproj", "{10B2669A-FF24-4A78-81E8-775C1E0C2236}"
EndProject
Project("{FAE04EC0-301F-11D3-BF4B-00C04F79EFBC}") = "UAHmiScreen", "WindowsForms\UAHmiScreen\UAHmiScreen.csproj", "{93283DCB-4873-4F83-B161-D714DA282B3A}"
EndProject
Project("{FAE04EC0-301F-11D3-BF4B-00C04F79EFBC}") = "UALiveBindingDemo2", "WindowsForms\UALiveBindingDemo2\UALiveBindingDemo2.csproj", "{CACF97E2-076E-4765-97C9-7A6C53A765A6}"
EndProject
Project("{FAE04EC0-301F-11D3-BF4B-00C04F79EFBC}") = "UASubscribeToMany", "WindowsForms\UASubscribeToMany\UASubscribeToMany.csproj", "{EB7FD780-85DF-4DCE-B0F0-6BCFB512135C}"
EndProject
Project("{FAE04EC0-301F-11D3-BF4B-00C04F79EFBC}") = "UAValueToMessageBox", "WindowsForms\UAValueToMessageBox\UAValueToMessageBox.csproj", "{4484CA4D-A6A5-4F59-95AB-3FF09935EC82}"
EndProject
Project("{FAE04EC0-301F-11D3-BF4B-00C04F79EFBC}") = "UAWindowsFormsApplication1", "WindowsForms\UAWindowsFormsApplication1\UAWindowsFormsApplication1.csproj", "{240DF627-5514-471C-BE9F-9CF9D462E2D7}"
EndProject
Project("{FAE04EC0-301F-11D3-BF4B-00C04F79EFBC}") = "UAAutoRefreshWeb", "Web\UAAutoRefreshWeb\UAAutoRefreshWeb.csproj", "{70921544-E0AB-40DA-B570-7C1C6F4B136F}"
EndProject
Project("{FAE04EC0-301F-11D3-BF4B-00C04F79EFBC}") = "UABrowseNodesWeb", "Web\UABrowseNodesWeb\UABrowseNodesWeb.csproj", "{974F957E-84EB-4642-814B-BF9875F4A665}"
EndProject
Project("{FAE04EC0-301F-11D3-BF4B-00C04F79EFBC}") = "UADiscoverServersWeb", "Web\UADiscoverServersWeb\UADiscoverServersWeb.csproj", "{4418F997-63C8-4DF5-9E87-234B1E912201}"
EndProject
Project("{FAE04EC0-301F-11D3-BF4B-00C04F79EFBC}") = "UADataGridWebApplication", "Web\UADataGridWebApplication\UADataGridWebApplication.csproj", "{FB264377-39ED-48BB-AFD9-C43ABAA4F39B}"
EndProject
Project("{FAE04EC0-301F-11D3-BF4B-00C04F79EFBC}") = "UAWebService1", "Web\UAWebService1\UAWebService1.csproj", "{335E7F7A-171D-4E07-ADEB-8910A73945DE}"
EndProject
Project("{FAE04EC0-301F-11D3-BF4B-00C04F79EFBC}") = "UAWpfApplication1", "WPF\UAWpfApplication1\UAWpfApplication1.csproj", "{F45D01BF-18CC-40C6-AA07-9CEBBBF5F8E3}"
EndProject
Project("{9A19103F-16F7-4668-BE54-9A1E7A4F7556}") = "MultiTargetUADocExamples", "Console\UADocExamples\MultiTargetUADocExamples.csproj", "{14BDA393-8584-44FA-B361-A47D2C7C341A}"
EndProject
Project("{9A19103F-16F7-4668-BE54-9A1E7A4F7556}") = "MultiTargetDocExamples", "Console\DocExamples\MultiTargetDocExamples.csproj", "{5C054EEB-9B12-4AC7-8D26-E4A7632230C6}"
EndProject
Project("{9A19103F-16F7-4668-BE54-9A1E7A4F7556}") = "MultiTargetUANetSdkConfiguration", "Console\UANetSdkConfiguration\MultiTargetUANetSdkConfiguration.csproj", "{81C8BF61-645C-4EFE-A1B4-D213231C3771}"
EndProject
Global
	GlobalSection(SolutionConfigurationPlatforms) = preSolution
		Debug|Any CPU = Debug|Any CPU
		Release|Any CPU = Release|Any CPU
	EndGlobalSection
	GlobalSection(ProjectConfigurationPlatforms) = postSolution
		{F9CEA8B5-4FAD-4123-ACE6-2DF0BC4C7664}.Debug|Any CPU.ActiveCfg = Debug|Any CPU
		{F9CEA8B5-4FAD-4123-ACE6-2DF0BC4C7664}.Debug|Any CPU.Build.0 = Debug|Any CPU
		{F9CEA8B5-4FAD-4123-ACE6-2DF0BC4C7664}.Release|Any CPU.ActiveCfg = Release|Any CPU
		{F9CEA8B5-4FAD-4123-ACE6-2DF0BC4C7664}.Release|Any CPU.Build.0 = Release|Any CPU
		{9CCBEBFF-679B-4510-BE88-02D18675C30B}.Debug|Any CPU.ActiveCfg = Debug|Any CPU
		{9CCBEBFF-679B-4510-BE88-02D18675C30B}.Debug|Any CPU.Build.0 = Debug|Any CPU
		{9CCBEBFF-679B-4510-BE88-02D18675C30B}.Release|Any CPU.ActiveCfg = Release|Any CPU
		{9CCBEBFF-679B-4510-BE88-02D18675C30B}.Release|Any CPU.Build.0 = Release|Any CPU
		{06EDD494-6276-4BB1-AA64-E1A2AAD2034E}.Debug|Any CPU.ActiveCfg = Debug|Any CPU
		{06EDD494-6276-4BB1-AA64-E1A2AAD2034E}.Debug|Any CPU.Build.0 = Debug|Any CPU
		{06EDD494-6276-4BB1-AA64-E1A2AAD2034E}.Release|Any CPU.ActiveCfg = Release|Any CPU
		{06EDD494-6276-4BB1-AA64-E1A2AAD2034E}.Release|Any CPU.Build.0 = Release|Any CPU
		{80DE7627-0B5F-4972-AC53-9BE3B4A5F77C}.Debug|Any CPU.ActiveCfg = Debug|Any CPU
		{80DE7627-0B5F-4972-AC53-9BE3B4A5F77C}.Debug|Any CPU.Build.0 = Debug|Any CPU
		{80DE7627-0B5F-4972-AC53-9BE3B4A5F77C}.Release|Any CPU.ActiveCfg = Release|Any CPU
		{80DE7627-0B5F-4972-AC53-9BE3B4A5F77C}.Release|Any CPU.Build.0 = Release|Any CPU
		{734F9A34-DD55-4014-8558-9D88D13C222D}.Debug|Any CPU.ActiveCfg = Debug|Any CPU
		{734F9A34-DD55-4014-8558-9D88D13C222D}.Debug|Any CPU.Build.0 = Debug|Any CPU
		{734F9A34-DD55-4014-8558-9D88D13C222D}.Release|Any CPU.ActiveCfg = Release|Any CPU
		{734F9A34-DD55-4014-8558-9D88D13C222D}.Release|Any CPU.Build.0 = Release|Any CPU
		{90AEB50E-105D-40FD-96CA-530954B9B422}.Debug|Any CPU.ActiveCfg = Debug|Any CPU
		{90AEB50E-105D-40FD-96CA-530954B9B422}.Debug|Any CPU.Build.0 = Debug|Any CPU
		{90AEB50E-105D-40FD-96CA-530954B9B422}.Release|Any CPU.ActiveCfg = Release|Any CPU
		{90AEB50E-105D-40FD-96CA-530954B9B422}.Release|Any CPU.Build.0 = Release|Any CPU
		{5E9BAEAD-F0BC-4CCC-8F74-076B640CA488}.Debug|Any CPU.ActiveCfg = Debug|Any CPU
		{5E9BAEAD-F0BC-4CCC-8F74-076B640CA488}.Debug|Any CPU.Build.0 = Debug|Any CPU
		{5E9BAEAD-F0BC-4CCC-8F74-076B640CA488}.Release|Any CPU.ActiveCfg = Release|Any CPU
		{5E9BAEAD-F0BC-4CCC-8F74-076B640CA488}.Release|Any CPU.Build.0 = Release|Any CPU
		{A966BEFF-0AEB-4AD4-B908-3BE45638600E}.Debug|Any CPU.ActiveCfg = Debug|Any CPU
		{A966BEFF-0AEB-4AD4-B908-3BE45638600E}.Debug|Any CPU.Build.0 = Debug|Any CPU
		{A966BEFF-0AEB-4AD4-B908-3BE45638600E}.Release|Any CPU.ActiveCfg = Release|Any CPU
		{A966BEFF-0AEB-4AD4-B908-3BE45638600E}.Release|Any CPU.Build.0 = Release|Any CPU
		{F431FB2B-641B-4EF8-9FB4-8C67E0C0DFCA}.Debug|Any CPU.ActiveCfg = Debug|Any CPU
		{F431FB2B-641B-4EF8-9FB4-8C67E0C0DFCA}.Debug|Any CPU.Build.0 = Debug|Any CPU
		{F431FB2B-641B-4EF8-9FB4-8C67E0C0DFCA}.Release|Any CPU.ActiveCfg = Release|Any CPU
		{F431FB2B-641B-4EF8-9FB4-8C67E0C0DFCA}.Release|Any CPU.Build.0 = Release|Any CPU
		{1FF4DCA0-11C2-4617-B8B9-8B8885524D00}.Debug|Any CPU.ActiveCfg = Debug|Any CPU
		{1FF4DCA0-11C2-4617-B8B9-8B8885524D00}.Debug|Any CPU.Build.0 = Debug|Any CPU
		{1FF4DCA0-11C2-4617-B8B9-8B8885524D00}.Release|Any CPU.ActiveCfg = Release|Any CPU
		{1FF4DCA0-11C2-4617-B8B9-8B8885524D00}.Release|Any CPU.Build.0 = Release|Any CPU
		{4D5FB098-9183-46D3-8B27-94A60323E6A0}.Debug|Any CPU.ActiveCfg = Debug|Any CPU
		{4D5FB098-9183-46D3-8B27-94A60323E6A0}.Debug|Any CPU.Build.0 = Debug|Any CPU
		{4D5FB098-9183-46D3-8B27-94A60323E6A0}.Release|Any CPU.ActiveCfg = Release|Any CPU
		{4D5FB098-9183-46D3-8B27-94A60323E6A0}.Release|Any CPU.Build.0 = Release|Any CPU
		{857D2BF6-D0BF-4557-8D78-75320E324D04}.Debug|Any CPU.ActiveCfg = Debug|Any CPU
		{857D2BF6-D0BF-4557-8D78-75320E324D04}.Debug|Any CPU.Build.0 = Debug|Any CPU
		{857D2BF6-D0BF-4557-8D78-75320E324D04}.Release|Any CPU.ActiveCfg = Release|Any CPU
		{857D2BF6-D0BF-4557-8D78-75320E324D04}.Release|Any CPU.Build.0 = Release|Any CPU
		{8BBB9547-FAF2-440D-9332-94679AF03610}.Debug|Any CPU.ActiveCfg = Debug|Any CPU
		{8BBB9547-FAF2-440D-9332-94679AF03610}.Debug|Any CPU.Build.0 = Debug|Any CPU
		{8BBB9547-FAF2-440D-9332-94679AF03610}.Release|Any CPU.ActiveCfg = Release|Any CPU
		{8BBB9547-FAF2-440D-9332-94679AF03610}.Release|Any CPU.Build.0 = Release|Any CPU
		{9A5F31E9-2269-4169-A160-FC593127A193}.Debug|Any CPU.ActiveCfg = Debug|Any CPU
		{9A5F31E9-2269-4169-A160-FC593127A193}.Debug|Any CPU.Build.0 = Debug|Any CPU
		{9A5F31E9-2269-4169-A160-FC593127A193}.Release|Any CPU.ActiveCfg = Release|Any CPU
		{9A5F31E9-2269-4169-A160-FC593127A193}.Release|Any CPU.Build.0 = Release|Any CPU
		{EDAA047F-06C2-42D2-8515-AE3AE07C3672}.Debug|Any CPU.ActiveCfg = Debug|Any CPU
		{EDAA047F-06C2-42D2-8515-AE3AE07C3672}.Debug|Any CPU.Build.0 = Debug|Any CPU
		{EDAA047F-06C2-42D2-8515-AE3AE07C3672}.Release|Any CPU.ActiveCfg = Release|Any CPU
		{EDAA047F-06C2-42D2-8515-AE3AE07C3672}.Release|Any CPU.Build.0 = Release|Any CPU
		{72519C5F-36A5-48BA-A69C-23C4C4D572C6}.Debug|Any CPU.ActiveCfg = Debug|Any CPU
		{72519C5F-36A5-48BA-A69C-23C4C4D572C6}.Debug|Any CPU.Build.0 = Debug|Any CPU
		{72519C5F-36A5-48BA-A69C-23C4C4D572C6}.Release|Any CPU.ActiveCfg = Release|Any CPU
		{72519C5F-36A5-48BA-A69C-23C4C4D572C6}.Release|Any CPU.Build.0 = Release|Any CPU
		{E5135283-DA71-4BF8-ACF9-07B38EDE58C0}.Debug|Any CPU.ActiveCfg = Debug|Any CPU
		{E5135283-DA71-4BF8-ACF9-07B38EDE58C0}.Debug|Any CPU.Build.0 = Debug|Any CPU
		{E5135283-DA71-4BF8-ACF9-07B38EDE58C0}.Release|Any CPU.ActiveCfg = Release|Any CPU
		{E5135283-DA71-4BF8-ACF9-07B38EDE58C0}.Release|Any CPU.Build.0 = Release|Any CPU
		{C8794DC2-3165-4E6A-96AA-86C4C2DD69F7}.Debug|Any CPU.ActiveCfg = Debug|Any CPU
		{C8794DC2-3165-4E6A-96AA-86C4C2DD69F7}.Debug|Any CPU.Build.0 = Debug|Any CPU
		{C8794DC2-3165-4E6A-96AA-86C4C2DD69F7}.Release|Any CPU.ActiveCfg = Release|Any CPU
		{C8794DC2-3165-4E6A-96AA-86C4C2DD69F7}.Release|Any CPU.Build.0 = Release|Any CPU
		{7C102308-2DA1-4C9B-968E-7CD9BE2DA635}.Debug|Any CPU.ActiveCfg = Debug|Any CPU
		{7C102308-2DA1-4C9B-968E-7CD9BE2DA635}.Debug|Any CPU.Build.0 = Debug|Any CPU
		{7C102308-2DA1-4C9B-968E-7CD9BE2DA635}.Release|Any CPU.ActiveCfg = Release|Any CPU
		{7C102308-2DA1-4C9B-968E-7CD9BE2DA635}.Release|Any CPU.Build.0 = Release|Any CPU
		{D337BACE-5162-41E1-AFB2-AB23D525CD3B}.Debug|Any CPU.ActiveCfg = Debug|Any CPU
		{D337BACE-5162-41E1-AFB2-AB23D525CD3B}.Debug|Any CPU.Build.0 = Debug|Any CPU
		{D337BACE-5162-41E1-AFB2-AB23D525CD3B}.Release|Any CPU.ActiveCfg = Release|Any CPU
		{D337BACE-5162-41E1-AFB2-AB23D525CD3B}.Release|Any CPU.Build.0 = Release|Any CPU
		{BB11B705-1BD8-4F3C-98F8-07F65F69B9D1}.Debug|Any CPU.ActiveCfg = Debug|Any CPU
		{BB11B705-1BD8-4F3C-98F8-07F65F69B9D1}.Debug|Any CPU.Build.0 = Debug|Any CPU
		{BB11B705-1BD8-4F3C-98F8-07F65F69B9D1}.Release|Any CPU.ActiveCfg = Release|Any CPU
		{BB11B705-1BD8-4F3C-98F8-07F65F69B9D1}.Release|Any CPU.Build.0 = Release|Any CPU
		{29E3B9B1-09CB-4221-8A2A-173884844894}.Debug|Any CPU.ActiveCfg = Debug|Any CPU
		{29E3B9B1-09CB-4221-8A2A-173884844894}.Debug|Any CPU.Build.0 = Debug|Any CPU
		{29E3B9B1-09CB-4221-8A2A-173884844894}.Release|Any CPU.ActiveCfg = Release|Any CPU
		{29E3B9B1-09CB-4221-8A2A-173884844894}.Release|Any CPU.Build.0 = Release|Any CPU
		{F5985872-B70E-4B31-B85D-16CE07F3ED6C}.Debug|Any CPU.ActiveCfg = Debug|Any CPU
		{F5985872-B70E-4B31-B85D-16CE07F3ED6C}.Debug|Any CPU.Build.0 = Debug|Any CPU
		{F5985872-B70E-4B31-B85D-16CE07F3ED6C}.Release|Any CPU.ActiveCfg = Release|Any CPU
		{F5985872-B70E-4B31-B85D-16CE07F3ED6C}.Release|Any CPU.Build.0 = Release|Any CPU
		{58DF5F34-E41B-4F52-9883-BEA1C369281A}.Debug|Any CPU.ActiveCfg = Debug|Any CPU
		{58DF5F34-E41B-4F52-9883-BEA1C369281A}.Debug|Any CPU.Build.0 = Debug|Any CPU
		{58DF5F34-E41B-4F52-9883-BEA1C369281A}.Release|Any CPU.ActiveCfg = Release|Any CPU
		{58DF5F34-E41B-4F52-9883-BEA1C369281A}.Release|Any CPU.Build.0 = Release|Any CPU
		{C99524CC-69D2-4AAA-9919-995CDBCE18FD}.Debug|Any CPU.ActiveCfg = Debug|Any CPU
		{C99524CC-69D2-4AAA-9919-995CDBCE18FD}.Debug|Any CPU.Build.0 = Debug|Any CPU
		{C99524CC-69D2-4AAA-9919-995CDBCE18FD}.Release|Any CPU.ActiveCfg = Release|Any CPU
		{C99524CC-69D2-4AAA-9919-995CDBCE18FD}.Release|Any CPU.Build.0 = Release|Any CPU
		{D49D6A4E-7EDE-4030-AC58-673F8021AFD1}.Debug|Any CPU.ActiveCfg = Debug|Any CPU
		{D49D6A4E-7EDE-4030-AC58-673F8021AFD1}.Debug|Any CPU.Build.0 = Debug|Any CPU
		{D49D6A4E-7EDE-4030-AC58-673F8021AFD1}.Release|Any CPU.ActiveCfg = Release|Any CPU
		{D49D6A4E-7EDE-4030-AC58-673F8021AFD1}.Release|Any CPU.Build.0 = Release|Any CPU
		{D0D84A59-8A2B-4DC0-A24E-61C6B8B9B7FA}.Debug|Any CPU.ActiveCfg = Debug|Any CPU
		{D0D84A59-8A2B-4DC0-A24E-61C6B8B9B7FA}.Debug|Any CPU.Build.0 = Debug|Any CPU
		{D0D84A59-8A2B-4DC0-A24E-61C6B8B9B7FA}.Release|Any CPU.ActiveCfg = Release|Any CPU
		{D0D84A59-8A2B-4DC0-A24E-61C6B8B9B7FA}.Release|Any CPU.Build.0 = Release|Any CPU
		{F2448D5B-1A58-4088-A89F-94AC3FEDCF85}.Debug|Any CPU.ActiveCfg = Debug|Any CPU
		{F2448D5B-1A58-4088-A89F-94AC3FEDCF85}.Debug|Any CPU.Build.0 = Debug|Any CPU
		{F2448D5B-1A58-4088-A89F-94AC3FEDCF85}.Release|Any CPU.ActiveCfg = Release|Any CPU
		{F2448D5B-1A58-4088-A89F-94AC3FEDCF85}.Release|Any CPU.Build.0 = Release|Any CPU
		{4118475B-5EF8-4B5D-A4FC-FA6D378FEA94}.Debug|Any CPU.ActiveCfg = Debug|Any CPU
		{4118475B-5EF8-4B5D-A4FC-FA6D378FEA94}.Debug|Any CPU.Build.0 = Debug|Any CPU
		{4118475B-5EF8-4B5D-A4FC-FA6D378FEA94}.Release|Any CPU.ActiveCfg = Release|Any CPU
		{4118475B-5EF8-4B5D-A4FC-FA6D378FEA94}.Release|Any CPU.Build.0 = Release|Any CPU
		{48DC608C-C372-4A24-A651-F5B158652DB1}.Debug|Any CPU.ActiveCfg = Debug|Any CPU
		{48DC608C-C372-4A24-A651-F5B158652DB1}.Debug|Any CPU.Build.0 = Debug|Any CPU
		{48DC608C-C372-4A24-A651-F5B158652DB1}.Release|Any CPU.ActiveCfg = Release|Any CPU
		{48DC608C-C372-4A24-A651-F5B158652DB1}.Release|Any CPU.Build.0 = Release|Any CPU
		{88498AA3-582A-4CD7-BF25-2708900AFEC8}.Debug|Any CPU.ActiveCfg = Debug|Any CPU
		{88498AA3-582A-4CD7-BF25-2708900AFEC8}.Debug|Any CPU.Build.0 = Debug|Any CPU
		{88498AA3-582A-4CD7-BF25-2708900AFEC8}.Release|Any CPU.ActiveCfg = Release|Any CPU
		{88498AA3-582A-4CD7-BF25-2708900AFEC8}.Release|Any CPU.Build.0 = Release|Any CPU
		{D068993D-8E11-46C9-A1AB-8D038E4310F1}.Debug|Any CPU.ActiveCfg = Debug|Any CPU
		{D068993D-8E11-46C9-A1AB-8D038E4310F1}.Debug|Any CPU.Build.0 = Debug|Any CPU
		{D068993D-8E11-46C9-A1AB-8D038E4310F1}.Release|Any CPU.ActiveCfg = Release|Any CPU
		{D068993D-8E11-46C9-A1AB-8D038E4310F1}.Release|Any CPU.Build.0 = Release|Any CPU
		{E24DCD59-19A6-432B-A387-37E2F812C3AC}.Debug|Any CPU.ActiveCfg = Debug|Any CPU
		{E24DCD59-19A6-432B-A387-37E2F812C3AC}.Debug|Any CPU.Build.0 = Debug|Any CPU
		{E24DCD59-19A6-432B-A387-37E2F812C3AC}.Release|Any CPU.ActiveCfg = Release|Any CPU
		{E24DCD59-19A6-432B-A387-37E2F812C3AC}.Release|Any CPU.Build.0 = Release|Any CPU
		{A866E1C8-A99E-499F-9847-1EFDDF52CDD5}.Debug|Any CPU.ActiveCfg = Debug|Any CPU
		{A866E1C8-A99E-499F-9847-1EFDDF52CDD5}.Debug|Any CPU.Build.0 = Debug|Any CPU
		{A866E1C8-A99E-499F-9847-1EFDDF52CDD5}.Release|Any CPU.ActiveCfg = Release|Any CPU
		{A866E1C8-A99E-499F-9847-1EFDDF52CDD5}.Release|Any CPU.Build.0 = Release|Any CPU
		{9D649591-BB39-4875-B6CA-DDC438313390}.Debug|Any CPU.ActiveCfg = Debug|Any CPU
		{9D649591-BB39-4875-B6CA-DDC438313390}.Debug|Any CPU.Build.0 = Debug|Any CPU
		{9D649591-BB39-4875-B6CA-DDC438313390}.Release|Any CPU.ActiveCfg = Release|Any CPU
		{9D649591-BB39-4875-B6CA-DDC438313390}.Release|Any CPU.Build.0 = Release|Any CPU
		{A76A7E6A-36E5-4D48-8159-58A6B47F02AA}.Debug|Any CPU.ActiveCfg = Debug|Any CPU
		{A76A7E6A-36E5-4D48-8159-58A6B47F02AA}.Debug|Any CPU.Build.0 = Debug|Any CPU
		{A76A7E6A-36E5-4D48-8159-58A6B47F02AA}.Release|Any CPU.ActiveCfg = Release|Any CPU
		{A76A7E6A-36E5-4D48-8159-58A6B47F02AA}.Release|Any CPU.Build.0 = Release|Any CPU
		{EBAB73F6-5BE7-4589-8C34-F2121261A323}.Debug|Any CPU.ActiveCfg = Debug|Any CPU
		{EBAB73F6-5BE7-4589-8C34-F2121261A323}.Debug|Any CPU.Build.0 = Debug|Any CPU
		{EBAB73F6-5BE7-4589-8C34-F2121261A323}.Release|Any CPU.ActiveCfg = Release|Any CPU
		{EBAB73F6-5BE7-4589-8C34-F2121261A323}.Release|Any CPU.Build.0 = Release|Any CPU
		{730C8D73-14E5-435D-8592-8E74A247C2D7}.Debug|Any CPU.ActiveCfg = Debug|Any CPU
		{730C8D73-14E5-435D-8592-8E74A247C2D7}.Debug|Any CPU.Build.0 = Debug|Any CPU
		{730C8D73-14E5-435D-8592-8E74A247C2D7}.Release|Any CPU.ActiveCfg = Release|Any CPU
		{730C8D73-14E5-435D-8592-8E74A247C2D7}.Release|Any CPU.Build.0 = Release|Any CPU
		{E9961C7E-C750-4478-A129-585ED348BB8D}.Debug|Any CPU.ActiveCfg = Debug|Any CPU
		{E9961C7E-C750-4478-A129-585ED348BB8D}.Debug|Any CPU.Build.0 = Debug|Any CPU
		{E9961C7E-C750-4478-A129-585ED348BB8D}.Release|Any CPU.ActiveCfg = Release|Any CPU
		{E9961C7E-C750-4478-A129-585ED348BB8D}.Release|Any CPU.Build.0 = Release|Any CPU
		{A020ADD5-EFAA-4A46-9A76-79E86C6CDAD1}.Debug|Any CPU.ActiveCfg = Debug|Any CPU
		{A020ADD5-EFAA-4A46-9A76-79E86C6CDAD1}.Debug|Any CPU.Build.0 = Debug|Any CPU
		{A020ADD5-EFAA-4A46-9A76-79E86C6CDAD1}.Release|Any CPU.ActiveCfg = Release|Any CPU
		{A020ADD5-EFAA-4A46-9A76-79E86C6CDAD1}.Release|Any CPU.Build.0 = Release|Any CPU
		{A8AEB5B8-0FD4-4786-B1D8-1D49DB9ADC76}.Debug|Any CPU.ActiveCfg = Debug|Any CPU
		{A8AEB5B8-0FD4-4786-B1D8-1D49DB9ADC76}.Debug|Any CPU.Build.0 = Debug|Any CPU
		{A8AEB5B8-0FD4-4786-B1D8-1D49DB9ADC76}.Release|Any CPU.ActiveCfg = Release|Any CPU
		{A8AEB5B8-0FD4-4786-B1D8-1D49DB9ADC76}.Release|Any CPU.Build.0 = Release|Any CPU
		{A4F40F28-DA31-4F8B-8F7F-468A59E77065}.Debug|Any CPU.ActiveCfg = Debug|Any CPU
		{A4F40F28-DA31-4F8B-8F7F-468A59E77065}.Debug|Any CPU.Build.0 = Debug|Any CPU
		{A4F40F28-DA31-4F8B-8F7F-468A59E77065}.Release|Any CPU.ActiveCfg = Release|Any CPU
		{A4F40F28-DA31-4F8B-8F7F-468A59E77065}.Release|Any CPU.Build.0 = Release|Any CPU
		{12267B7F-5571-4835-A128-E3D1DDCA1601}.Debug|Any CPU.ActiveCfg = Debug|Any CPU
		{12267B7F-5571-4835-A128-E3D1DDCA1601}.Debug|Any CPU.Build.0 = Debug|Any CPU
		{12267B7F-5571-4835-A128-E3D1DDCA1601}.Release|Any CPU.ActiveCfg = Release|Any CPU
		{12267B7F-5571-4835-A128-E3D1DDCA1601}.Release|Any CPU.Build.0 = Release|Any CPU
		{6BC0AD36-8EBD-4BC8-AC0C-D441D05AD493}.Debug|Any CPU.ActiveCfg = Debug|Any CPU
		{6BC0AD36-8EBD-4BC8-AC0C-D441D05AD493}.Debug|Any CPU.Build.0 = Debug|Any CPU
		{6BC0AD36-8EBD-4BC8-AC0C-D441D05AD493}.Release|Any CPU.ActiveCfg = Release|Any CPU
		{6BC0AD36-8EBD-4BC8-AC0C-D441D05AD493}.Release|Any CPU.Build.0 = Release|Any CPU
		{4380F372-5751-4626-9F62-EEFD9479FEED}.Debug|Any CPU.ActiveCfg = Debug|Any CPU
		{4380F372-5751-4626-9F62-EEFD9479FEED}.Debug|Any CPU.Build.0 = Debug|Any CPU
		{4380F372-5751-4626-9F62-EEFD9479FEED}.Release|Any CPU.ActiveCfg = Release|Any CPU
		{4380F372-5751-4626-9F62-EEFD9479FEED}.Release|Any CPU.Build.0 = Release|Any CPU
		{C6A6ACE5-1CE6-4214-84CA-310FFDE04C1A}.Debug|Any CPU.ActiveCfg = Debug|Any CPU
		{C6A6ACE5-1CE6-4214-84CA-310FFDE04C1A}.Debug|Any CPU.Build.0 = Debug|Any CPU
		{C6A6ACE5-1CE6-4214-84CA-310FFDE04C1A}.Release|Any CPU.ActiveCfg = Release|Any CPU
		{C6A6ACE5-1CE6-4214-84CA-310FFDE04C1A}.Release|Any CPU.Build.0 = Release|Any CPU
		{8322E526-A60F-46F5-9899-6039910326D9}.Debug|Any CPU.ActiveCfg = Debug|Any CPU
		{8322E526-A60F-46F5-9899-6039910326D9}.Debug|Any CPU.Build.0 = Debug|Any CPU
		{8322E526-A60F-46F5-9899-6039910326D9}.Release|Any CPU.ActiveCfg = Release|Any CPU
		{8322E526-A60F-46F5-9899-6039910326D9}.Release|Any CPU.Build.0 = Release|Any CPU
		{10B2669A-FF24-4A78-81E8-775C1E0C2236}.Debug|Any CPU.ActiveCfg = Debug|Any CPU
		{10B2669A-FF24-4A78-81E8-775C1E0C2236}.Debug|Any CPU.Build.0 = Debug|Any CPU
		{10B2669A-FF24-4A78-81E8-775C1E0C2236}.Release|Any CPU.ActiveCfg = Release|Any CPU
		{10B2669A-FF24-4A78-81E8-775C1E0C2236}.Release|Any CPU.Build.0 = Release|Any CPU
		{93283DCB-4873-4F83-B161-D714DA282B3A}.Debug|Any CPU.ActiveCfg = Debug|Any CPU
		{93283DCB-4873-4F83-B161-D714DA282B3A}.Debug|Any CPU.Build.0 = Debug|Any CPU
		{93283DCB-4873-4F83-B161-D714DA282B3A}.Release|Any CPU.ActiveCfg = Release|Any CPU
		{93283DCB-4873-4F83-B161-D714DA282B3A}.Release|Any CPU.Build.0 = Release|Any CPU
		{CACF97E2-076E-4765-97C9-7A6C53A765A6}.Debug|Any CPU.ActiveCfg = Debug|Any CPU
		{CACF97E2-076E-4765-97C9-7A6C53A765A6}.Debug|Any CPU.Build.0 = Debug|Any CPU
		{CACF97E2-076E-4765-97C9-7A6C53A765A6}.Release|Any CPU.ActiveCfg = Release|Any CPU
		{CACF97E2-076E-4765-97C9-7A6C53A765A6}.Release|Any CPU.Build.0 = Release|Any CPU
		{EB7FD780-85DF-4DCE-B0F0-6BCFB512135C}.Debug|Any CPU.ActiveCfg = Debug|Any CPU
		{EB7FD780-85DF-4DCE-B0F0-6BCFB512135C}.Debug|Any CPU.Build.0 = Debug|Any CPU
		{EB7FD780-85DF-4DCE-B0F0-6BCFB512135C}.Release|Any CPU.ActiveCfg = Release|Any CPU
		{EB7FD780-85DF-4DCE-B0F0-6BCFB512135C}.Release|Any CPU.Build.0 = Release|Any CPU
		{4484CA4D-A6A5-4F59-95AB-3FF09935EC82}.Debug|Any CPU.ActiveCfg = Debug|Any CPU
		{4484CA4D-A6A5-4F59-95AB-3FF09935EC82}.Debug|Any CPU.Build.0 = Debug|Any CPU
		{4484CA4D-A6A5-4F59-95AB-3FF09935EC82}.Release|Any CPU.ActiveCfg = Release|Any CPU
		{4484CA4D-A6A5-4F59-95AB-3FF09935EC82}.Release|Any CPU.Build.0 = Release|Any CPU
		{240DF627-5514-471C-BE9F-9CF9D462E2D7}.Debug|Any CPU.ActiveCfg = Debug|Any CPU
		{240DF627-5514-471C-BE9F-9CF9D462E2D7}.Debug|Any CPU.Build.0 = Debug|Any CPU
		{240DF627-5514-471C-BE9F-9CF9D462E2D7}.Release|Any CPU.ActiveCfg = Release|Any CPU
		{240DF627-5514-471C-BE9F-9CF9D462E2D7}.Release|Any CPU.Build.0 = Release|Any CPU
		{70921544-E0AB-40DA-B570-7C1C6F4B136F}.Debug|Any CPU.ActiveCfg = Debug|Any CPU
		{70921544-E0AB-40DA-B570-7C1C6F4B136F}.Debug|Any CPU.Build.0 = Debug|Any CPU
		{70921544-E0AB-40DA-B570-7C1C6F4B136F}.Release|Any CPU.ActiveCfg = Release|Any CPU
		{70921544-E0AB-40DA-B570-7C1C6F4B136F}.Release|Any CPU.Build.0 = Release|Any CPU
		{974F957E-84EB-4642-814B-BF9875F4A665}.Debug|Any CPU.ActiveCfg = Debug|Any CPU
		{974F957E-84EB-4642-814B-BF9875F4A665}.Debug|Any CPU.Build.0 = Debug|Any CPU
		{974F957E-84EB-4642-814B-BF9875F4A665}.Release|Any CPU.ActiveCfg = Release|Any CPU
		{974F957E-84EB-4642-814B-BF9875F4A665}.Release|Any CPU.Build.0 = Release|Any CPU
		{4418F997-63C8-4DF5-9E87-234B1E912201}.Debug|Any CPU.ActiveCfg = Debug|Any CPU
		{4418F997-63C8-4DF5-9E87-234B1E912201}.Debug|Any CPU.Build.0 = Debug|Any CPU
		{4418F997-63C8-4DF5-9E87-234B1E912201}.Release|Any CPU.ActiveCfg = Release|Any CPU
		{4418F997-63C8-4DF5-9E87-234B1E912201}.Release|Any CPU.Build.0 = Release|Any CPU
		{FB264377-39ED-48BB-AFD9-C43ABAA4F39B}.Debug|Any CPU.ActiveCfg = Debug|Any CPU
		{FB264377-39ED-48BB-AFD9-C43ABAA4F39B}.Debug|Any CPU.Build.0 = Debug|Any CPU
		{FB264377-39ED-48BB-AFD9-C43ABAA4F39B}.Release|Any CPU.ActiveCfg = Release|Any CPU
		{FB264377-39ED-48BB-AFD9-C43ABAA4F39B}.Release|Any CPU.Build.0 = Release|Any CPU
		{335E7F7A-171D-4E07-ADEB-8910A73945DE}.Debug|Any CPU.ActiveCfg = Debug|Any CPU
		{335E7F7A-171D-4E07-ADEB-8910A73945DE}.Debug|Any CPU.Build.0 = Debug|Any CPU
		{335E7F7A-171D-4E07-ADEB-8910A73945DE}.Release|Any CPU.ActiveCfg = Release|Any CPU
		{335E7F7A-171D-4E07-ADEB-8910A73945DE}.Release|Any CPU.Build.0 = Release|Any CPU
		{F45D01BF-18CC-40C6-AA07-9CEBBBF5F8E3}.Debug|Any CPU.ActiveCfg = Debug|Any CPU
		{F45D01BF-18CC-40C6-AA07-9CEBBBF5F8E3}.Debug|Any CPU.Build.0 = Debug|Any CPU
		{F45D01BF-18CC-40C6-AA07-9CEBBBF5F8E3}.Release|Any CPU.ActiveCfg = Release|Any CPU
		{F45D01BF-18CC-40C6-AA07-9CEBBBF5F8E3}.Release|Any CPU.Build.0 = Release|Any CPU
		{14BDA393-8584-44FA-B361-A47D2C7C341A}.Debug|Any CPU.ActiveCfg = Debug|Any CPU
		{14BDA393-8584-44FA-B361-A47D2C7C341A}.Debug|Any CPU.Build.0 = Debug|Any CPU
		{14BDA393-8584-44FA-B361-A47D2C7C341A}.Release|Any CPU.ActiveCfg = Release|Any CPU
		{14BDA393-8584-44FA-B361-A47D2C7C341A}.Release|Any CPU.Build.0 = Release|Any CPU
		{5C054EEB-9B12-4AC7-8D26-E4A7632230C6}.Debug|Any CPU.ActiveCfg = Debug|Any CPU
		{5C054EEB-9B12-4AC7-8D26-E4A7632230C6}.Debug|Any CPU.Build.0 = Debug|Any CPU
		{5C054EEB-9B12-4AC7-8D26-E4A7632230C6}.Release|Any CPU.ActiveCfg = Release|Any CPU
		{5C054EEB-9B12-4AC7-8D26-E4A7632230C6}.Release|Any CPU.Build.0 = Release|Any CPU
		{81C8BF61-645C-4EFE-A1B4-D213231C3771}.Debug|Any CPU.ActiveCfg = Debug|Any CPU
		{81C8BF61-645C-4EFE-A1B4-D213231C3771}.Debug|Any CPU.Build.0 = Debug|Any CPU
		{81C8BF61-645C-4EFE-A1B4-D213231C3771}.Release|Any CPU.ActiveCfg = Release|Any CPU
		{81C8BF61-645C-4EFE-A1B4-D213231C3771}.Release|Any CPU.Build.0 = Release|Any CPU
	EndGlobalSection
	GlobalSection(SolutionProperties) = preSolution
		HideSolutionNode = FALSE
	EndGlobalSection
	GlobalSection(NestedProjects) = preSolution
		{F9CEA8B5-4FAD-4123-ACE6-2DF0BC4C7664} = {ECC666ED-2657-4CF0-A323-C6518210A1EC}
		{9CCBEBFF-679B-4510-BE88-02D18675C30B} = {78263828-787E-4339-8C40-3297BCD82854}
		{06EDD494-6276-4BB1-AA64-E1A2AAD2034E} = {ECC666ED-2657-4CF0-A323-C6518210A1EC}
		{80DE7627-0B5F-4972-AC53-9BE3B4A5F77C} = {ECC666ED-2657-4CF0-A323-C6518210A1EC}
		{734F9A34-DD55-4014-8558-9D88D13C222D} = {78263828-787E-4339-8C40-3297BCD82854}
		{90AEB50E-105D-40FD-96CA-530954B9B422} = {ECC666ED-2657-4CF0-A323-C6518210A1EC}
		{5E9BAEAD-F0BC-4CCC-8F74-076B640CA488} = {78263828-787E-4339-8C40-3297BCD82854}
		{A966BEFF-0AEB-4AD4-B908-3BE45638600E} = {78263828-787E-4339-8C40-3297BCD82854}
		{F431FB2B-641B-4EF8-9FB4-8C67E0C0DFCA} = {ECC666ED-2657-4CF0-A323-C6518210A1EC}
		{1FF4DCA0-11C2-4617-B8B9-8B8885524D00} = {ECC666ED-2657-4CF0-A323-C6518210A1EC}
		{4D5FB098-9183-46D3-8B27-94A60323E6A0} = {653A530D-5B6F-4CEA-85E9-A1647D5F6F18}
		{857D2BF6-D0BF-4557-8D78-75320E324D04} = {653A530D-5B6F-4CEA-85E9-A1647D5F6F18}
		{8BBB9547-FAF2-440D-9332-94679AF03610} = {653A530D-5B6F-4CEA-85E9-A1647D5F6F18}
		{9A5F31E9-2269-4169-A160-FC593127A193} = {653A530D-5B6F-4CEA-85E9-A1647D5F6F18}
		{EDAA047F-06C2-42D2-8515-AE3AE07C3672} = {653A530D-5B6F-4CEA-85E9-A1647D5F6F18}
		{72519C5F-36A5-48BA-A69C-23C4C4D572C6} = {653A530D-5B6F-4CEA-85E9-A1647D5F6F18}
		{E5135283-DA71-4BF8-ACF9-07B38EDE58C0} = {ECC666ED-2657-4CF0-A323-C6518210A1EC}
		{C8794DC2-3165-4E6A-96AA-86C4C2DD69F7} = {78263828-787E-4339-8C40-3297BCD82854}
		{7C102308-2DA1-4C9B-968E-7CD9BE2DA635} = {78263828-787E-4339-8C40-3297BCD82854}
		{D337BACE-5162-41E1-AFB2-AB23D525CD3B} = {653A530D-5B6F-4CEA-85E9-A1647D5F6F18}
		{BB11B705-1BD8-4F3C-98F8-07F65F69B9D1} = {78263828-787E-4339-8C40-3297BCD82854}
		{29E3B9B1-09CB-4221-8A2A-173884844894} = {653A530D-5B6F-4CEA-85E9-A1647D5F6F18}
		{F5985872-B70E-4B31-B85D-16CE07F3ED6C} = {ECC666ED-2657-4CF0-A323-C6518210A1EC}
		{58DF5F34-E41B-4F52-9883-BEA1C369281A} = {653A530D-5B6F-4CEA-85E9-A1647D5F6F18}
		{C99524CC-69D2-4AAA-9919-995CDBCE18FD} = {A5A051F2-FEA2-4F65-8779-D7D867BBED8D}
		{D49D6A4E-7EDE-4030-AC58-673F8021AFD1} = {78263828-787E-4339-8C40-3297BCD82854}
		{D0D84A59-8A2B-4DC0-A24E-61C6B8B9B7FA} = {ECC666ED-2657-4CF0-A323-C6518210A1EC}
		{F2448D5B-1A58-4088-A89F-94AC3FEDCF85} = {653A530D-5B6F-4CEA-85E9-A1647D5F6F18}
		{4118475B-5EF8-4B5D-A4FC-FA6D378FEA94} = {ECC666ED-2657-4CF0-A323-C6518210A1EC}
		{48DC608C-C372-4A24-A651-F5B158652DB1} = {ECC666ED-2657-4CF0-A323-C6518210A1EC}
		{88498AA3-582A-4CD7-BF25-2708900AFEC8} = {5DF43E60-B6B7-4FEE-B2C6-8CFF3A035164}
		{D068993D-8E11-46C9-A1AB-8D038E4310F1} = {5DF43E60-B6B7-4FEE-B2C6-8CFF3A035164}
		{E24DCD59-19A6-432B-A387-37E2F812C3AC} = {653A530D-5B6F-4CEA-85E9-A1647D5F6F18}
		{A866E1C8-A99E-499F-9847-1EFDDF52CDD5} = {ECC666ED-2657-4CF0-A323-C6518210A1EC}
		{9D649591-BB39-4875-B6CA-DDC438313390} = {5DF43E60-B6B7-4FEE-B2C6-8CFF3A035164}
		{A76A7E6A-36E5-4D48-8159-58A6B47F02AA} = {653A530D-5B6F-4CEA-85E9-A1647D5F6F18}
		{EBAB73F6-5BE7-4589-8C34-F2121261A323} = {A5A051F2-FEA2-4F65-8779-D7D867BBED8D}
		{730C8D73-14E5-435D-8592-8E74A247C2D7} = {78263828-787E-4339-8C40-3297BCD82854}
		{E9961C7E-C750-4478-A129-585ED348BB8D} = {653A530D-5B6F-4CEA-85E9-A1647D5F6F18}
		{A020ADD5-EFAA-4A46-9A76-79E86C6CDAD1} = {ECC666ED-2657-4CF0-A323-C6518210A1EC}
		{A8AEB5B8-0FD4-4786-B1D8-1D49DB9ADC76} = {ECC666ED-2657-4CF0-A323-C6518210A1EC}
		{A4F40F28-DA31-4F8B-8F7F-468A59E77065} = {ECC666ED-2657-4CF0-A323-C6518210A1EC}
		{12267B7F-5571-4835-A128-E3D1DDCA1601} = {5DF43E60-B6B7-4FEE-B2C6-8CFF3A035164}
		{6BC0AD36-8EBD-4BC8-AC0C-D441D05AD493} = {653A530D-5B6F-4CEA-85E9-A1647D5F6F18}
		{4380F372-5751-4626-9F62-EEFD9479FEED} = {653A530D-5B6F-4CEA-85E9-A1647D5F6F18}
		{C6A6ACE5-1CE6-4214-84CA-310FFDE04C1A} = {653A530D-5B6F-4CEA-85E9-A1647D5F6F18}
		{8322E526-A60F-46F5-9899-6039910326D9} = {653A530D-5B6F-4CEA-85E9-A1647D5F6F18}
		{10B2669A-FF24-4A78-81E8-775C1E0C2236} = {653A530D-5B6F-4CEA-85E9-A1647D5F6F18}
		{93283DCB-4873-4F83-B161-D714DA282B3A} = {ECC666ED-2657-4CF0-A323-C6518210A1EC}
		{CACF97E2-076E-4765-97C9-7A6C53A765A6} = {ECC666ED-2657-4CF0-A323-C6518210A1EC}
		{EB7FD780-85DF-4DCE-B0F0-6BCFB512135C} = {ECC666ED-2657-4CF0-A323-C6518210A1EC}
		{4484CA4D-A6A5-4F59-95AB-3FF09935EC82} = {ECC666ED-2657-4CF0-A323-C6518210A1EC}
		{240DF627-5514-471C-BE9F-9CF9D462E2D7} = {ECC666ED-2657-4CF0-A323-C6518210A1EC}
		{70921544-E0AB-40DA-B570-7C1C6F4B136F} = {78263828-787E-4339-8C40-3297BCD82854}
		{974F957E-84EB-4642-814B-BF9875F4A665} = {78263828-787E-4339-8C40-3297BCD82854}
		{4418F997-63C8-4DF5-9E87-234B1E912201} = {78263828-787E-4339-8C40-3297BCD82854}
		{FB264377-39ED-48BB-AFD9-C43ABAA4F39B} = {78263828-787E-4339-8C40-3297BCD82854}
		{335E7F7A-171D-4E07-ADEB-8910A73945DE} = {78263828-787E-4339-8C40-3297BCD82854}
		{F45D01BF-18CC-40C6-AA07-9CEBBBF5F8E3} = {5DF43E60-B6B7-4FEE-B2C6-8CFF3A035164}
		{14BDA393-8584-44FA-B361-A47D2C7C341A} = {653A530D-5B6F-4CEA-85E9-A1647D5F6F18}
		{5C054EEB-9B12-4AC7-8D26-E4A7632230C6} = {653A530D-5B6F-4CEA-85E9-A1647D5F6F18}
		{81C8BF61-645C-4EFE-A1B4-D213231C3771} = {653A530D-5B6F-4CEA-85E9-A1647D5F6F18}
	EndGlobalSection
	GlobalSection(ExtensibilityGlobals) = postSolution
		SolutionGuid = {33CEFC3D-3A45-42A3-8841-F8690B00C991}
	EndGlobalSection
	GlobalSection(TeamFoundationVersionControl) = preSolution
		SccNumberOfProjects = 63
		SccEnterpriseProvider = {4CA58AB2-18FA-4F8D-95D4-32DDF27D184C}
		SccTeamFoundationServer = https://dev.azure.com/opclabs3
		SccLocalPath0 = .
		SccProjectUniqueName1 = Web\\AutoRefreshWeb\\AutoRefreshWeb.csproj
		SccProjectTopLevelParentUniqueName1 = QuickOpcCSharpExamples.sln
		SccProjectName1 = Web/AutoRefreshWeb
		SccLocalPath1 = Web\\AutoRefreshWeb
		SccProjectUniqueName2 = Web\\BrowseBranchesWeb\\BrowseBranchesWeb.csproj
		SccProjectTopLevelParentUniqueName2 = QuickOpcCSharpExamples.sln
		SccProjectName2 = Web/BrowseBranchesWeb
		SccLocalPath2 = Web\\BrowseBranchesWeb
		SccProjectUniqueName3 = Web\\BrowseServersWeb\\BrowseServersWeb.csproj
		SccProjectTopLevelParentUniqueName3 = QuickOpcCSharpExamples.sln
		SccProjectName3 = Web/BrowseServersWeb
		SccLocalPath3 = Web\\BrowseServersWeb
		SccProjectUniqueName4 = Console\\ConsoleLiveMapping\\ConsoleLiveMapping.csproj
		SccProjectTopLevelParentUniqueName4 = QuickOpcCSharpExamples.sln
		SccProjectName4 = Console/ConsoleLiveMapping
		SccLocalPath4 = Console\\ConsoleLiveMapping
		SccProjectUniqueName5 = Web\\DataGridWebApplication\\DataGridWebApplication.csproj
		SccProjectTopLevelParentUniqueName5 = QuickOpcCSharpExamples.sln
		SccProjectName5 = Web/DataGridWebApplication
		SccLocalPath5 = Web\\DataGridWebApplication
		SccProjectUniqueName6 = WindowsForms\\EasyOpcNetDemo\\EasyOpcNetDemo.csproj
		SccProjectTopLevelParentUniqueName6 = QuickOpcCSharpExamples.sln
		SccProjectName6 = WindowsForms/EasyOpcNetDemo
		SccLocalPath6 = WindowsForms\\EasyOpcNetDemo
		SccProjectUniqueName7 = WindowsForms\\EasyOpcNetDemoXml\\EasyOpcNetDemoXml.csproj
		SccProjectTopLevelParentUniqueName7 = QuickOpcCSharpExamples.sln
		SccProjectName7 = WindowsForms/EasyOpcNetDemoXml
		SccLocalPath7 = WindowsForms\\EasyOpcNetDemoXml
		SccProjectUniqueName8 = WindowsForms\\EasyOpcUADemo\\EasyOpcUADemo.csproj
		SccProjectTopLevelParentUniqueName8 = QuickOpcCSharpExamples.sln
		SccProjectName8 = WindowsForms/EasyOpcUADemo
		SccLocalPath8 = WindowsForms\\EasyOpcUADemo
		SccProjectUniqueName9 = WindowsForms\\HmiScreen\\HmiScreen.csproj
		SccProjectTopLevelParentUniqueName9 = QuickOpcCSharpExamples.sln
		SccProjectName9 = WindowsForms/HmiScreen
		SccLocalPath9 = WindowsForms\\HmiScreen
		SccProjectUniqueName10 = WindowsForms\\LiveBindingDemo\\LiveBindingDemo.csproj
		SccProjectTopLevelParentUniqueName10 = QuickOpcCSharpExamples.sln
		SccProjectName10 = WindowsForms/LiveBindingDemo
		SccLocalPath10 = WindowsForms\\LiveBindingDemo
		SccProjectUniqueName11 = Console\\LogAsStringToSql\\LogAsStringToSql.csproj
		SccProjectTopLevelParentUniqueName11 = QuickOpcCSharpExamples.sln
		SccProjectName11 = Console/LogAsStringToSql
		SccLocalPath11 = Console\\LogAsStringToSql
		SccProjectUniqueName12 = Console\\LogAsUnionToSql\\LogAsUnionToSql.csproj
		SccProjectTopLevelParentUniqueName12 = QuickOpcCSharpExamples.sln
		SccProjectName12 = Console/LogAsUnionToSql
		SccLocalPath12 = Console\\LogAsUnionToSql
		SccProjectUniqueName13 = Console\\LogToSqlEnhanced\\LogToSqlEnhanced.csproj
		SccProjectTopLevelParentUniqueName13 = QuickOpcCSharpExamples.sln
		SccProjectName13 = Console/LogToSqlEnhanced
		SccLocalPath13 = Console\\LogToSqlEnhanced
		SccProjectUniqueName14 = WindowsForms\\OvenControl\\OvenControl.csproj
		SccProjectTopLevelParentUniqueName14 = QuickOpcCSharpExamples.sln
		SccProjectName14 = WindowsForms/OvenControl
		SccLocalPath14 = WindowsForms\\OvenControl
		SccProjectUniqueName15 = WindowsForms\\QualityStrings\\QualityStrings.csproj
		SccProjectTopLevelParentUniqueName15 = QuickOpcCSharpExamples.sln
		SccProjectName15 = WindowsForms/QualityStrings
		SccLocalPath15 = WindowsForms\\QualityStrings
		SccProjectUniqueName16 = Console\\SimpleLogToSql\\SimpleLogToSql.csproj
		SccProjectTopLevelParentUniqueName16 = QuickOpcCSharpExamples.sln
		SccProjectName16 = Console/SimpleLogToSql
		SccLocalPath16 = Console\\SimpleLogToSql
		SccProjectUniqueName17 = Console\\SubscribeFromXml\\SubscribeFromXml.csproj
		SccProjectTopLevelParentUniqueName17 = QuickOpcCSharpExamples.sln
		SccProjectName17 = Console/SubscribeFromXml
		SccLocalPath17 = Console\\SubscribeFromXml
		SccProjectUniqueName18 = WindowsForms\\SubscribeToMany\\SubscribeToMany.csproj
		SccProjectTopLevelParentUniqueName18 = QuickOpcCSharpExamples.sln
		SccProjectName18 = WindowsForms/SubscribeToMany
		SccLocalPath18 = WindowsForms\\SubscribeToMany
		SccProjectUniqueName19 = Console\\UAConsoleLiveMapping\\UAConsoleLiveMapping.csproj
		SccProjectTopLevelParentUniqueName19 = QuickOpcCSharpExamples.sln
		SccProjectName19 = Console/UAConsoleLiveMapping
		SccLocalPath19 = Console\\UAConsoleLiveMapping
		SccProjectUniqueName20 = WindowsForms\\UALiveBindingDemo\\UALiveBindingDemo.csproj
		SccProjectTopLevelParentUniqueName20 = QuickOpcCSharpExamples.sln
		SccProjectName20 = WindowsForms/UALiveBindingDemo
		SccLocalPath20 = WindowsForms\\UALiveBindingDemo
		SccProjectUniqueName21 = Web\\UAWebApplication1\\UAWebApplication1.csproj
		SccProjectTopLevelParentUniqueName21 = QuickOpcCSharpExamples.sln
		SccProjectName21 = Web/UAWebApplication1
		SccLocalPath21 = Web\\UAWebApplication1
		SccProjectUniqueName22 = WindowsForms\\ValueToMessageBox\\ValueToMessageBox.csproj
		SccProjectTopLevelParentUniqueName22 = QuickOpcCSharpExamples.sln
		SccProjectName22 = WindowsForms/ValueToMessageBox
		SccLocalPath22 = WindowsForms\\ValueToMessageBox
		SccProjectUniqueName23 = Console\\WcfClient1\\WcfClient1.csproj
		SccProjectTopLevelParentUniqueName23 = QuickOpcCSharpExamples.sln
		SccProjectName23 = Console/WcfClient1
		SccLocalPath23 = Console\\WcfClient1
		SccProjectUniqueName24 = Web\\WcfService1\\WcfService1.csproj
		SccProjectTopLevelParentUniqueName24 = QuickOpcCSharpExamples.sln
		SccProjectName24 = Web/WcfService1
		SccLocalPath24 = Web\\WcfService1
		SccProjectUniqueName25 = Web\\WebApplication1\\WebApplication1.csproj
		SccProjectTopLevelParentUniqueName25 = QuickOpcCSharpExamples.sln
		SccProjectName25 = Web/WebApplication1
		SccLocalPath25 = Web\\WebApplication1
		SccProjectUniqueName26 = Web\\WebService1\\WebService1.csproj
		SccProjectTopLevelParentUniqueName26 = QuickOpcCSharpExamples.sln
		SccProjectName26 = Web/WebService1
		SccLocalPath26 = Web\\WebService1
		SccProjectUniqueName27 = WindowsForms\\WindowsFormsApplication1\\WindowsFormsApplication1.csproj
		SccProjectTopLevelParentUniqueName27 = QuickOpcCSharpExamples.sln
		SccProjectName27 = WindowsForms/WindowsFormsApplication1
		SccLocalPath27 = WindowsForms\\WindowsFormsApplication1
		SccProjectUniqueName28 = WindowsService\\WindowsService1\\WindowsService1.csproj
		SccProjectTopLevelParentUniqueName28 = QuickOpcCSharpExamples.sln
		SccProjectName28 = WindowsService/WindowsService1
		SccLocalPath28 = WindowsService\\WindowsService1
		SccProjectUniqueName29 = Console\\XmlEventLogger\\XmlEventLogger.csproj
		SccProjectTopLevelParentUniqueName29 = QuickOpcCSharpExamples.sln
		SccProjectName29 = Console/XmlEventLogger
		SccLocalPath29 = Console\\XmlEventLogger
		SccProjectUniqueName30 = Console\\XmlLogger\\XmlLogger.csproj
		SccProjectTopLevelParentUniqueName30 = QuickOpcCSharpExamples.sln
		SccProjectName30 = Console/XmlLogger
		SccLocalPath30 = Console\\XmlLogger
		SccProjectUniqueName31 = WPF\\WpfApplication1\\WpfApplication1.csproj
		SccProjectTopLevelParentUniqueName31 = QuickOpcCSharpExamples.sln
		SccProjectName31 = WPF/WpfApplication1
		SccLocalPath31 = WPF\\WpfApplication1
		SccProjectUniqueName32 = WPF\\UAWpfScreen\\UAWpfScreen.csproj
		SccProjectTopLevelParentUniqueName32 = QuickOpcCSharpExamples.sln
		SccProjectName32 = WPF/UAWpfScreen
		SccLocalPath32 = WPF\\UAWpfScreen
		SccProjectUniqueName33 = Console\\ReactiveDocExamples\\ReactiveDocExamples.csproj
		SccProjectTopLevelParentUniqueName33 = QuickOpcCSharpExamples.sln
		SccProjectName33 = Console/ReactiveDocExamples
		SccLocalPath33 = Console\\ReactiveDocExamples
		SccProjectUniqueName34 = WindowsForms\\LiveBindingDemo2\\LiveBindingDemo2.csproj
		SccProjectTopLevelParentUniqueName34 = QuickOpcCSharpExamples.sln
		SccProjectName34 = WindowsForms/LiveBindingDemo2
		SccLocalPath34 = WindowsForms\\LiveBindingDemo2
		SccProjectUniqueName35 = WPF\\OpcDAQualityDecoder\\OpcDAQualityDecoder.csproj
		SccProjectTopLevelParentUniqueName35 = QuickOpcCSharpExamples.sln
		SccProjectName35 = WPF/OpcDAQualityDecoder
		SccLocalPath35 = WPF\\OpcDAQualityDecoder
		SccProjectUniqueName36 = Console\\UASimpleLogToSql\\UASimpleLogToSql.csproj
		SccProjectTopLevelParentUniqueName36 = QuickOpcCSharpExamples.sln
		SccProjectName36 = Console/UASimpleLogToSql
		SccLocalPath36 = Console\\UASimpleLogToSql
		SccProjectUniqueName37 = WindowsService\\UAWindowsService1\\UAWindowsService1.csproj
		SccProjectTopLevelParentUniqueName37 = QuickOpcCSharpExamples.sln
		SccProjectName37 = WindowsService/UAWindowsService1
		SccLocalPath37 = WindowsService\\UAWindowsService1
		SccProjectUniqueName38 = Web\\UAWcfService1\\UAWcfService1.csproj
		SccProjectTopLevelParentUniqueName38 = QuickOpcCSharpExamples.sln
		SccProjectName38 = Web/UAWcfService1
		SccLocalPath38 = Web\\UAWcfService1
		SccProjectUniqueName39 = Console\\UAWcfClient1\\UAWcfClient1.csproj
		SccProjectTopLevelParentUniqueName39 = QuickOpcCSharpExamples.sln
		SccProjectName39 = Console/UAWcfClient1
		SccLocalPath39 = Console\\UAWcfClient1
		SccProjectUniqueName40 = WindowsForms\\FormsDocExamples\\FormsDocExamples.csproj
		SccProjectTopLevelParentUniqueName40 = QuickOpcCSharpExamples.sln
		SccProjectName40 = WindowsForms/FormsDocExamples
		SccLocalPath40 = WindowsForms\\FormsDocExamples
		SccProjectUniqueName41 = WindowsForms\\UAFormsDocExamples\\UAFormsDocExamples.csproj
		SccProjectTopLevelParentUniqueName41 = QuickOpcCSharpExamples.sln
		SccProjectName41 = WindowsForms/UAFormsDocExamples
		SccLocalPath41 = WindowsForms\\UAFormsDocExamples
		SccProjectUniqueName42 = WindowsForms\\EasyOpcUAPubSubDemo\\EasyOpcUAPubSubDemo.csproj
		SccProjectTopLevelParentUniqueName42 = QuickOpcCSharpExamples.sln
		SccProjectName42 = WindowsForms/EasyOpcUAPubSubDemo
		SccLocalPath42 = WindowsForms\\EasyOpcUAPubSubDemo
		SccProjectUniqueName43 = WPF\\WpfEasyOpcUADemo\\WpfEasyOpcUADemo.csproj
		SccProjectTopLevelParentUniqueName43 = QuickOpcCSharpExamples.sln
		SccProjectName43 = WPF/WpfEasyOpcUADemo
		SccLocalPath43 = WPF\\WpfEasyOpcUADemo
		SccProjectUniqueName44 = Console\\UAXmlLogger\\UAXmlLogger.csproj
		SccProjectTopLevelParentUniqueName44 = QuickOpcCSharpExamples.sln
		SccProjectName44 = Console/UAXmlLogger
		SccLocalPath44 = Console\\UAXmlLogger
		SccProjectUniqueName45 = Console\\UAXmlEventLogger\\UAXmlEventLogger.csproj
		SccProjectTopLevelParentUniqueName45 = QuickOpcCSharpExamples.sln
		SccProjectName45 = Console/UAXmlEventLogger
		SccLocalPath45 = Console\\UAXmlEventLogger
		SccProjectUniqueName46 = Console\\UALogAsStringToSql\\UALogAsStringToSql.csproj
		SccProjectTopLevelParentUniqueName46 = QuickOpcCSharpExamples.sln
		SccProjectName46 = Console/UALogAsStringToSql
		SccLocalPath46 = Console\\UALogAsStringToSql
		SccProjectUniqueName47 = Console\\UALogAsUnionToSql\\UALogAsUnionToSql.csproj
		SccProjectTopLevelParentUniqueName47 = QuickOpcCSharpExamples.sln
		SccProjectName47 = Console/UALogAsUnionToSql
		SccLocalPath47 = Console\\UALogAsUnionToSql
		SccProjectUniqueName48 = Console\\UASubscribeFromXml\\UASubscribeFromXml.csproj
		SccProjectTopLevelParentUniqueName48 = QuickOpcCSharpExamples.sln
		SccProjectName48 = Console/UASubscribeFromXml
		SccLocalPath48 = Console\\UASubscribeFromXml
		SccProjectUniqueName49 = WindowsForms\\UAHmiScreen\\UAHmiScreen.csproj
		SccProjectTopLevelParentUniqueName49 = QuickOpcCSharpExamples.sln
		SccProjectName49 = WindowsForms/UAHmiScreen
		SccLocalPath49 = WindowsForms\\UAHmiScreen
		SccProjectUniqueName50 = WindowsForms\\UALiveBindingDemo2\\UALiveBindingDemo2.csproj
		SccProjectTopLevelParentUniqueName50 = QuickOpcCSharpExamples.sln
		SccProjectName50 = WindowsForms/UALiveBindingDemo2
		SccLocalPath50 = WindowsForms\\UALiveBindingDemo2
		SccProjectUniqueName51 = WindowsForms\\UASubscribeToMany\\UASubscribeToMany.csproj
		SccProjectTopLevelParentUniqueName51 = QuickOpcCSharpExamples.sln
		SccProjectName51 = WindowsForms/UASubscribeToMany
		SccLocalPath51 = WindowsForms\\UASubscribeToMany
		SccProjectUniqueName52 = WindowsForms\\UAValueToMessageBox\\UAValueToMessageBox.csproj
		SccProjectTopLevelParentUniqueName52 = QuickOpcCSharpExamples.sln
		SccProjectName52 = WindowsForms/UAValueToMessageBox
		SccLocalPath52 = WindowsForms\\UAValueToMessageBox
		SccProjectUniqueName53 = WindowsForms\\UAWindowsFormsApplication1\\UAWindowsFormsApplication1.csproj
		SccProjectTopLevelParentUniqueName53 = QuickOpcCSharpExamples.sln
		SccProjectName53 = WindowsForms/UAWindowsFormsApplication1
		SccLocalPath53 = WindowsForms\\UAWindowsFormsApplication1
		SccProjectUniqueName54 = Web\\UAAutoRefreshWeb\\UAAutoRefreshWeb.csproj
		SccProjectTopLevelParentUniqueName54 = QuickOpcCSharpExamples.sln
		SccProjectName54 = Web/UAAutoRefreshWeb
		SccLocalPath54 = Web\\UAAutoRefreshWeb
		SccProjectUniqueName55 = Web\\UABrowseNodesWeb\\UABrowseNodesWeb.csproj
		SccProjectTopLevelParentUniqueName55 = QuickOpcCSharpExamples.sln
		SccProjectName55 = Web/UABrowseNodesWeb
		SccLocalPath55 = Web\\UABrowseNodesWeb
		SccProjectUniqueName56 = Web\\UADiscoverServersWeb\\UADiscoverServersWeb.csproj
		SccProjectTopLevelParentUniqueName56 = QuickOpcCSharpExamples.sln
		SccProjectName56 = Web/UADiscoverServersWeb
		SccLocalPath56 = Web\\UADiscoverServersWeb
		SccProjectUniqueName57 = Web\\UADataGridWebApplication\\UADataGridWebApplication.csproj
		SccProjectTopLevelParentUniqueName57 = QuickOpcCSharpExamples.sln
		SccProjectName57 = Web/UADataGridWebApplication
		SccLocalPath57 = Web\\UADataGridWebApplication
		SccProjectUniqueName58 = Web\\UAWebService1\\UAWebService1.csproj
		SccProjectTopLevelParentUniqueName58 = QuickOpcCSharpExamples.sln
		SccProjectName58 = Web/UAWebService1
		SccLocalPath58 = Web\\UAWebService1
		SccProjectUniqueName59 = WPF\\UAWpfApplication1\\UAWpfApplication1.csproj
		SccProjectTopLevelParentUniqueName59 = QuickOpcCSharpExamples.sln
		SccProjectName59 = WPF/UAWpfApplication1
		SccLocalPath59 = WPF\\UAWpfApplication1
		SccProjectUniqueName60 = Console\\UADocExamples\\MultiTargetUADocExamples.csproj
		SccProjectTopLevelParentUniqueName60 = QuickOpcCSharpExamples.sln
		SccProjectName60 = Console/UADocExamples
		SccLocalPath60 = Console\\UADocExamples
		SccProjectUniqueName61 = Console\\DocExamples\\MultiTargetDocExamples.csproj
		SccProjectTopLevelParentUniqueName61 = QuickOpcCSharpExamples.sln
		SccProjectName61 = Console/DocExamples
		SccLocalPath61 = Console\\DocExamples
		SccProjectUniqueName62 = Console\\UANetSdkConfiguration\\MultiTargetUANetSdkConfiguration.csproj
		SccProjectTopLevelParentUniqueName62 = QuickOpcCSharpExamples.sln
		SccProjectName62 = Console/UANetSdkConfiguration
		SccLocalPath62 = Console\\UANetSdkConfiguration
	EndGlobalSection
EndGlobal
